
Microsoft Visual Studio Solution File, Format Version 12.00
# Visual Studio Version 17
VisualStudioVersion = 17.0.31912.275
MinimumVisualStudioVersion = 10.0.40219.1
Project("{FAE04EC0-301F-11D3-BF4B-00C04F79EFBC}") = "TradingAppClient.Business.Logic", "TradingAppClient.Business.Logic\TradingAppClient.Business.Logic.csproj", "{EA38D234-C6C7-44F1-AF2D-971F7537CD18}"
EndProject
Project("{FAE04EC0-301F-11D3-BF4B-00C04F79EFBC}") = "TradingAppClient.Common.Dto", "TradingAppClient.Common.Dto\TradingAppClient.Common.Dto.csproj", "{44B1A770-40FA-416D-B1A5-1024421C0306}"
EndProject
Project("{FAE04EC0-301F-11D3-BF4B-00C04F79EFBC}") = "TradingAppClient.Presentation.Website", "TradingAppClient.Presentation.Website\TradingAppClient.Presentation.Website.csproj", "{D79DA075-A47F-4989-9239-AED7E4510EE6}"
EndProject
Global
	GlobalSection(SolutionConfigurationPlatforms) = preSolution
		Debug|Any CPU = Debug|Any CPU
		Release|Any CPU = Release|Any CPU
	EndGlobalSection
	GlobalSection(ProjectConfigurationPlatforms) = postSolution
		{EA38D234-C6C7-44F1-AF2D-971F7537CD18}.Debug|Any CPU.ActiveCfg = Debug|Any CPU
		{EA38D234-C6C7-44F1-AF2D-971F7537CD18}.Debug|Any CPU.Build.0 = Debug|Any CPU
		{EA38D234-C6C7-44F1-AF2D-971F7537CD18}.Release|Any CPU.ActiveCfg = Release|Any CPU
		{EA38D234-C6C7-44F1-AF2D-971F7537CD18}.Release|Any CPU.Build.0 = Release|Any CPU
		{44B1A770-40FA-416D-B1A5-1024421C0306}.Debug|Any CPU.ActiveCfg = Debug|Any CPU
		{44B1A770-40FA-416D-B1A5-1024421C0306}.Debug|Any CPU.Build.0 = Debug|Any CPU
		{44B1A770-40FA-416D-B1A5-1024421C0306}.Release|Any CPU.ActiveCfg = Release|Any CPU
		{44B1A770-40FA-416D-B1A5-1024421C0306}.Release|Any CPU.Build.0 = Release|Any CPU
		{D79DA075-A47F-4989-9239-AED7E4510EE6}.Debug|Any CPU.ActiveCfg = Debug|Any CPU
		{D79DA075-A47F-4989-9239-AED7E4510EE6}.Debug|Any CPU.Build.0 = Debug|Any CPU
		{D79DA075-A47F-4989-9239-AED7E4510EE6}.Release|Any CPU.ActiveCfg = Release|Any CPU
		{D79DA075-A47F-4989-9239-AED7E4510EE6}.Release|Any CPU.Build.0 = Release|Any CPU
	EndGlobalSection
	GlobalSection(SolutionProperties) = preSolution
		HideSolutionNode = FALSE
	EndGlobalSection
	GlobalSection(ExtensibilityGlobals) = postSolution
		SolutionGuid = {CF34A4DE-60B8-4B65-AD04-DE5AC0A0DD80}
	EndGlobalSection
EndGlobal
